// !$*UTF8*$!
{
	archiveVersion = 1;
	classes = {
	};
	objectVersion = 46;
	objects = {

/* Begin PBXBuildFile section */
		123B4DE31EC4AF29003BC147 /* CoreDataMessageManager.swift in Sources */ = {isa = PBXBuildFile; fileRef = 123B4DE21EC4AF29003BC147 /* CoreDataMessageManager.swift */; };
		123B4DE61EC4AFB1003BC147 /* MessagePayload.swift in Sources */ = {isa = PBXBuildFile; fileRef = 123B4DE51EC4AFB1003BC147 /* MessagePayload.swift */; };
		123B4DE81EC4D0DA003BC147 /* CoreDataMessageManagerTests.swift in Sources */ = {isa = PBXBuildFile; fileRef = 123B4DE71EC4D0DA003BC147 /* CoreDataMessageManagerTests.swift */; };
		1286A0EE1EBBDD3D00915633 /* AppDelegate.swift in Sources */ = {isa = PBXBuildFile; fileRef = 1286A0ED1EBBDD3D00915633 /* AppDelegate.swift */; };
		1286A0F81EBBDD3D00915633 /* Assets.xcassets in Resources */ = {isa = PBXBuildFile; fileRef = 1286A0F71EBBDD3D00915633 /* Assets.xcassets */; };
		1286A0FB1EBBDD3D00915633 /* LaunchScreen.storyboard in Resources */ = {isa = PBXBuildFile; fileRef = 1286A0F91EBBDD3D00915633 /* LaunchScreen.storyboard */; };
		1286A1111EBBDD3D00915633 /* ChatUITests.swift in Sources */ = {isa = PBXBuildFile; fileRef = 1286A1101EBBDD3D00915633 /* ChatUITests.swift */; };
		1286A1201EBBE40A00915633 /* CoreData.swift in Sources */ = {isa = PBXBuildFile; fileRef = 1286A11F1EBBE40A00915633 /* CoreData.swift */; };
		129761C81EBE2FFF00476402 /* Message+Helpers.swift in Sources */ = {isa = PBXBuildFile; fileRef = 129761C71EBE2FFF00476402 /* Message+Helpers.swift */; };
		129761CA1EBE329B00476402 /* MessageImporterTests.swift in Sources */ = {isa = PBXBuildFile; fileRef = 129761C91EBE329B00476402 /* MessageImporterTests.swift */; };
		12CE8AD51EBE2463004C515F /* CoreDataTests.swift in Sources */ = {isa = PBXBuildFile; fileRef = 12CE8AD41EBE2463004C515F /* CoreDataTests.swift */; };
		12D2B9CC1EBE43850094461C /* Model.xcdatamodeld in Sources */ = {isa = PBXBuildFile; fileRef = 12D2B9CA1EBE43850094461C /* Model.xcdatamodeld */; };
		12D2B9CF1EBE43BB0094461C /* Message+CoreDataClass.swift in Sources */ = {isa = PBXBuildFile; fileRef = 12D2B9CD1EBE43BB0094461C /* Message+CoreDataClass.swift */; };
		12D2B9D01EBE43BB0094461C /* Message+CoreDataProperties.swift in Sources */ = {isa = PBXBuildFile; fileRef = 12D2B9CE1EBE43BB0094461C /* Message+CoreDataProperties.swift */; };
		12D2B9D31EC1186F0094461C /* MessageImporter.swift in Sources */ = {isa = PBXBuildFile; fileRef = 12D2B9D21EC1186F0094461C /* MessageImporter.swift */; };
		12D2B9D61EC119F40094461C /* main.swift in Sources */ = {isa = PBXBuildFile; fileRef = 12D2B9D51EC119F40094461C /* main.swift */; };
		12D2B9D91EC24A020094461C /* ChatViewController.swift in Sources */ = {isa = PBXBuildFile; fileRef = 12D2B9D81EC24A020094461C /* ChatViewController.swift */; };
		12D2B9DD1EC26F9B0094461C /* ChatViewController+UITableViewDataSource.swift in Sources */ = {isa = PBXBuildFile; fileRef = 12D2B9DC1EC26F9B0094461C /* ChatViewController+UITableViewDataSource.swift */; };
		12D2B9DF1EC26FD60094461C /* ChatViewController+UITableViewDelegate.swift in Sources */ = {isa = PBXBuildFile; fileRef = 12D2B9DE1EC26FD60094461C /* ChatViewController+UITableViewDelegate.swift */; };
		12D2B9E21EC26FF80094461C /* ChatService.swift in Sources */ = {isa = PBXBuildFile; fileRef = 12D2B9E11EC26FF80094461C /* ChatService.swift */; };
		12D2B9E41EC270870094461C /* ChatViewController+NSFetchedResultsControllerDelegate.swift in Sources */ = {isa = PBXBuildFile; fileRef = 12D2B9E31EC270870094461C /* ChatViewController+NSFetchedResultsControllerDelegate.swift */; };
		12F73A1E1EC4D7CB00789FA7 /* ChatViewControllerTests.swift in Sources */ = {isa = PBXBuildFile; fileRef = 12F73A1D1EC4D7CB00789FA7 /* ChatViewControllerTests.swift */; };
		12F73A201EC515B900789FA7 /* AppDelegateTests.swift in Sources */ = {isa = PBXBuildFile; fileRef = 12F73A1F1EC515B900789FA7 /* AppDelegateTests.swift */; };
		12F73A221EC5241100789FA7 /* MockCoreDataMessageManaging.swift in Sources */ = {isa = PBXBuildFile; fileRef = 12F73A211EC5241100789FA7 /* MockCoreDataMessageManaging.swift */; };
		12F73A251EC526AD00789FA7 /* MockMessageImporting.swift in Sources */ = {isa = PBXBuildFile; fileRef = 12F73A241EC526AD00789FA7 /* MockMessageImporting.swift */; };
		12F73A271EC526DD00789FA7 /* MockCoreData.swift in Sources */ = {isa = PBXBuildFile; fileRef = 12F73A261EC526DD00789FA7 /* MockCoreData.swift */; };
/* End PBXBuildFile section */

/* Begin PBXContainerItemProxy section */
		1286A1021EBBDD3D00915633 /* PBXContainerItemProxy */ = {
			isa = PBXContainerItemProxy;
			containerPortal = 1286A0E21EBBDD3D00915633 /* Project object */;
			proxyType = 1;
			remoteGlobalIDString = 1286A0E91EBBDD3D00915633;
			remoteInfo = Chat;
		};
		1286A10D1EBBDD3D00915633 /* PBXContainerItemProxy */ = {
			isa = PBXContainerItemProxy;
			containerPortal = 1286A0E21EBBDD3D00915633 /* Project object */;
			proxyType = 1;
			remoteGlobalIDString = 1286A0E91EBBDD3D00915633;
			remoteInfo = Chat;
		};
/* End PBXContainerItemProxy section */

/* Begin PBXFileReference section */
		123B4DE21EC4AF29003BC147 /* CoreDataMessageManager.swift */ = {isa = PBXFileReference; fileEncoding = 4; lastKnownFileType = sourcecode.swift; path = CoreDataMessageManager.swift; sourceTree = "<group>"; };
		123B4DE51EC4AFB1003BC147 /* MessagePayload.swift */ = {isa = PBXFileReference; fileEncoding = 4; lastKnownFileType = sourcecode.swift; path = MessagePayload.swift; sourceTree = "<group>"; };
		123B4DE71EC4D0DA003BC147 /* CoreDataMessageManagerTests.swift */ = {isa = PBXFileReference; fileEncoding = 4; lastKnownFileType = sourcecode.swift; path = CoreDataMessageManagerTests.swift; sourceTree = "<group>"; };
		1286A0EA1EBBDD3D00915633 /* Chat.app */ = {isa = PBXFileReference; explicitFileType = wrapper.application; includeInIndex = 0; path = Chat.app; sourceTree = BUILT_PRODUCTS_DIR; };
		1286A0ED1EBBDD3D00915633 /* AppDelegate.swift */ = {isa = PBXFileReference; lastKnownFileType = sourcecode.swift; path = AppDelegate.swift; sourceTree = "<group>"; };
		1286A0F71EBBDD3D00915633 /* Assets.xcassets */ = {isa = PBXFileReference; lastKnownFileType = folder.assetcatalog; path = Assets.xcassets; sourceTree = "<group>"; };
		1286A0FA1EBBDD3D00915633 /* Base */ = {isa = PBXFileReference; lastKnownFileType = file.storyboard; name = Base; path = Base.lproj/LaunchScreen.storyboard; sourceTree = "<group>"; };
		1286A0FC1EBBDD3D00915633 /* Info.plist */ = {isa = PBXFileReference; lastKnownFileType = text.plist.xml; path = Info.plist; sourceTree = "<group>"; };
		1286A1011EBBDD3D00915633 /* ChatTests.xctest */ = {isa = PBXFileReference; explicitFileType = wrapper.cfbundle; includeInIndex = 0; path = ChatTests.xctest; sourceTree = BUILT_PRODUCTS_DIR; };
		1286A1071EBBDD3D00915633 /* Info.plist */ = {isa = PBXFileReference; lastKnownFileType = text.plist.xml; path = Info.plist; sourceTree = "<group>"; };
		1286A10C1EBBDD3D00915633 /* ChatUITests.xctest */ = {isa = PBXFileReference; explicitFileType = wrapper.cfbundle; includeInIndex = 0; path = ChatUITests.xctest; sourceTree = BUILT_PRODUCTS_DIR; };
		1286A1101EBBDD3D00915633 /* ChatUITests.swift */ = {isa = PBXFileReference; lastKnownFileType = sourcecode.swift; path = ChatUITests.swift; sourceTree = "<group>"; };
		1286A1121EBBDD3D00915633 /* Info.plist */ = {isa = PBXFileReference; lastKnownFileType = text.plist.xml; path = Info.plist; sourceTree = "<group>"; };
		1286A11F1EBBE40A00915633 /* CoreData.swift */ = {isa = PBXFileReference; fileEncoding = 4; lastKnownFileType = sourcecode.swift; path = CoreData.swift; sourceTree = "<group>"; };
		129761C71EBE2FFF00476402 /* Message+Helpers.swift */ = {isa = PBXFileReference; fileEncoding = 4; lastKnownFileType = sourcecode.swift; path = "Message+Helpers.swift"; sourceTree = "<group>"; };
		129761C91EBE329B00476402 /* MessageImporterTests.swift */ = {isa = PBXFileReference; fileEncoding = 4; lastKnownFileType = sourcecode.swift; path = MessageImporterTests.swift; sourceTree = "<group>"; };
		12CE8AD41EBE2463004C515F /* CoreDataTests.swift */ = {isa = PBXFileReference; fileEncoding = 4; lastKnownFileType = sourcecode.swift; path = CoreDataTests.swift; sourceTree = "<group>"; };
		12D2B9CB1EBE43850094461C /* Model.xcdatamodel */ = {isa = PBXFileReference; lastKnownFileType = wrapper.xcdatamodel; path = Model.xcdatamodel; sourceTree = "<group>"; };
		12D2B9CD1EBE43BB0094461C /* Message+CoreDataClass.swift */ = {isa = PBXFileReference; fileEncoding = 4; lastKnownFileType = sourcecode.swift; path = "Message+CoreDataClass.swift"; sourceTree = "<group>"; };
		12D2B9CE1EBE43BB0094461C /* Message+CoreDataProperties.swift */ = {isa = PBXFileReference; fileEncoding = 4; lastKnownFileType = sourcecode.swift; path = "Message+CoreDataProperties.swift"; sourceTree = "<group>"; };
		12D2B9D21EC1186F0094461C /* MessageImporter.swift */ = {isa = PBXFileReference; fileEncoding = 4; lastKnownFileType = sourcecode.swift; name = MessageImporter.swift; path = Store/MessageImporter.swift; sourceTree = "<group>"; };
		12D2B9D51EC119F40094461C /* main.swift */ = {isa = PBXFileReference; fileEncoding = 4; lastKnownFileType = sourcecode.swift; path = main.swift; sourceTree = "<group>"; };
		12D2B9D81EC24A020094461C /* ChatViewController.swift */ = {isa = PBXFileReference; fileEncoding = 4; lastKnownFileType = sourcecode.swift; path = ChatViewController.swift; sourceTree = "<group>"; };
		12D2B9DC1EC26F9B0094461C /* ChatViewController+UITableViewDataSource.swift */ = {isa = PBXFileReference; fileEncoding = 4; lastKnownFileType = sourcecode.swift; path = "ChatViewController+UITableViewDataSource.swift"; sourceTree = "<group>"; };
		12D2B9DE1EC26FD60094461C /* ChatViewController+UITableViewDelegate.swift */ = {isa = PBXFileReference; fileEncoding = 4; lastKnownFileType = sourcecode.swift; path = "ChatViewController+UITableViewDelegate.swift"; sourceTree = "<group>"; };
		12D2B9E11EC26FF80094461C /* ChatService.swift */ = {isa = PBXFileReference; fileEncoding = 4; lastKnownFileType = sourcecode.swift; path = ChatService.swift; sourceTree = "<group>"; };
		12D2B9E31EC270870094461C /* ChatViewController+NSFetchedResultsControllerDelegate.swift */ = {isa = PBXFileReference; fileEncoding = 4; lastKnownFileType = sourcecode.swift; path = "ChatViewController+NSFetchedResultsControllerDelegate.swift"; sourceTree = "<group>"; };
		12F73A1D1EC4D7CB00789FA7 /* ChatViewControllerTests.swift */ = {isa = PBXFileReference; fileEncoding = 4; lastKnownFileType = sourcecode.swift; path = ChatViewControllerTests.swift; sourceTree = "<group>"; };
		12F73A1F1EC515B900789FA7 /* AppDelegateTests.swift */ = {isa = PBXFileReference; fileEncoding = 4; lastKnownFileType = sourcecode.swift; path = AppDelegateTests.swift; sourceTree = "<group>"; };
		12F73A211EC5241100789FA7 /* MockCoreDataMessageManaging.swift */ = {isa = PBXFileReference; fileEncoding = 4; lastKnownFileType = sourcecode.swift; path = MockCoreDataMessageManaging.swift; sourceTree = "<group>"; };
		12F73A241EC526AD00789FA7 /* MockMessageImporting.swift */ = {isa = PBXFileReference; fileEncoding = 4; lastKnownFileType = sourcecode.swift; path = MockMessageImporting.swift; sourceTree = "<group>"; };
		12F73A261EC526DD00789FA7 /* MockCoreData.swift */ = {isa = PBXFileReference; fileEncoding = 4; lastKnownFileType = sourcecode.swift; path = MockCoreData.swift; sourceTree = "<group>"; };
/* End PBXFileReference section */

/* Begin PBXFrameworksBuildPhase section */
		1286A0E71EBBDD3D00915633 /* Frameworks */ = {
			isa = PBXFrameworksBuildPhase;
			buildActionMask = 2147483647;
			files = (
			);
			runOnlyForDeploymentPostprocessing = 0;
		};
		1286A0FE1EBBDD3D00915633 /* Frameworks */ = {
			isa = PBXFrameworksBuildPhase;
			buildActionMask = 2147483647;
			files = (
			);
			runOnlyForDeploymentPostprocessing = 0;
		};
		1286A1091EBBDD3D00915633 /* Frameworks */ = {
			isa = PBXFrameworksBuildPhase;
			buildActionMask = 2147483647;
			files = (
			);
			runOnlyForDeploymentPostprocessing = 0;
		};
/* End PBXFrameworksBuildPhase section */

/* Begin PBXGroup section */
		123B4DE41EC4AF9C003BC147 /* Model */ = {
			isa = PBXGroup;
			children = (
				123B4DE51EC4AFB1003BC147 /* MessagePayload.swift */,
			);
			name = Model;
			sourceTree = "<group>";
		};
		1286A0E11EBBDD3D00915633 = {
			isa = PBXGroup;
			children = (
				1286A0EC1EBBDD3D00915633 /* Chat */,
				1286A1041EBBDD3D00915633 /* ChatTests */,
				1286A10F1EBBDD3D00915633 /* ChatUITests */,
				1286A0EB1EBBDD3D00915633 /* Products */,
			);
			sourceTree = "<group>";
		};
		1286A0EB1EBBDD3D00915633 /* Products */ = {
			isa = PBXGroup;
			children = (
				1286A0EA1EBBDD3D00915633 /* Chat.app */,
				1286A1011EBBDD3D00915633 /* ChatTests.xctest */,
				1286A10C1EBBDD3D00915633 /* ChatUITests.xctest */,
			);
			name = Products;
			sourceTree = "<group>";
		};
		1286A0EC1EBBDD3D00915633 /* Chat */ = {
			isa = PBXGroup;
			children = (
				123B4DE41EC4AF9C003BC147 /* Model */,
				12D2B9E01EC26FEF0094461C /* Controller */,
				12D2B9D71EC249F10094461C /* View */,
				1286A11E1EBBE3F500915633 /* Store */,
				12D2B9D51EC119F40094461C /* main.swift */,
				1286A0ED1EBBDD3D00915633 /* AppDelegate.swift */,
				1286A0F71EBBDD3D00915633 /* Assets.xcassets */,
				1286A0F91EBBDD3D00915633 /* LaunchScreen.storyboard */,
				1286A0FC1EBBDD3D00915633 /* Info.plist */,
			);
			path = Chat;
			sourceTree = "<group>";
		};
		1286A1041EBBDD3D00915633 /* ChatTests */ = {
			isa = PBXGroup;
			children = (
				12F73A231EC5241800789FA7 /* Mocks */,
				1286A1071EBBDD3D00915633 /* Info.plist */,
				12CE8AD41EBE2463004C515F /* CoreDataTests.swift */,
				12F73A1F1EC515B900789FA7 /* AppDelegateTests.swift */,
				129761C91EBE329B00476402 /* MessageImporterTests.swift */,
				123B4DE71EC4D0DA003BC147 /* CoreDataMessageManagerTests.swift */,
				12F73A1D1EC4D7CB00789FA7 /* ChatViewControllerTests.swift */,
			);
			path = ChatTests;
			sourceTree = "<group>";
		};
		1286A10F1EBBDD3D00915633 /* ChatUITests */ = {
			isa = PBXGroup;
			children = (
				1286A1101EBBDD3D00915633 /* ChatUITests.swift */,
				1286A1121EBBDD3D00915633 /* Info.plist */,
			);
			path = ChatUITests;
			sourceTree = "<group>";
		};
		1286A11E1EBBE3F500915633 /* Store */ = {
			isa = PBXGroup;
			children = (
				12D2B9D41EC1187C0094461C /* Models */,
				1286A11F1EBBE40A00915633 /* CoreData.swift */,
				12D2B9CA1EBE43850094461C /* Model.xcdatamodeld */,
			);
			path = Store;
			sourceTree = "<group>";
		};
		12D2B9D41EC1187C0094461C /* Models */ = {
			isa = PBXGroup;
			children = (
				12D2B9CD1EBE43BB0094461C /* Message+CoreDataClass.swift */,
				12D2B9CE1EBE43BB0094461C /* Message+CoreDataProperties.swift */,
				129761C71EBE2FFF00476402 /* Message+Helpers.swift */,
			);
			name = Models;
			sourceTree = "<group>";
		};
		12D2B9D71EC249F10094461C /* View */ = {
			isa = PBXGroup;
			children = (
				12D2B9D81EC24A020094461C /* ChatViewController.swift */,
				12D2B9E31EC270870094461C /* ChatViewController+NSFetchedResultsControllerDelegate.swift */,
				12D2B9DE1EC26FD60094461C /* ChatViewController+UITableViewDelegate.swift */,
				12D2B9DC1EC26F9B0094461C /* ChatViewController+UITableViewDataSource.swift */,
			);
			name = View;
			sourceTree = "<group>";
		};
		12D2B9E01EC26FEF0094461C /* Controller */ = {
			isa = PBXGroup;
			children = (
				12D2B9E11EC26FF80094461C /* ChatService.swift */,
				12D2B9D21EC1186F0094461C /* MessageImporter.swift */,
				123B4DE21EC4AF29003BC147 /* CoreDataMessageManager.swift */,
			);
			name = Controller;
			sourceTree = "<group>";
		};
		12F73A231EC5241800789FA7 /* Mocks */ = {
			isa = PBXGroup;
			children = (
				12F73A211EC5241100789FA7 /* MockCoreDataMessageManaging.swift */,
				12F73A241EC526AD00789FA7 /* MockMessageImporting.swift */,
				12F73A261EC526DD00789FA7 /* MockCoreData.swift */,
			);
			name = Mocks;
			sourceTree = "<group>";
		};
/* End PBXGroup section */

/* Begin PBXNativeTarget section */
		1286A0E91EBBDD3D00915633 /* Chat */ = {
			isa = PBXNativeTarget;
			buildConfigurationList = 1286A1151EBBDD3D00915633 /* Build configuration list for PBXNativeTarget "Chat" */;
			buildPhases = (
				1286A0E61EBBDD3D00915633 /* Sources */,
				1286A0E71EBBDD3D00915633 /* Frameworks */,
				1286A0E81EBBDD3D00915633 /* Resources */,
			);
			buildRules = (
			);
			dependencies = (
			);
			name = Chat;
			productName = Chat;
			productReference = 1286A0EA1EBBDD3D00915633 /* Chat.app */;
			productType = "com.apple.product-type.application";
		};
		1286A1001EBBDD3D00915633 /* ChatTests */ = {
			isa = PBXNativeTarget;
			buildConfigurationList = 1286A1181EBBDD3D00915633 /* Build configuration list for PBXNativeTarget "ChatTests" */;
			buildPhases = (
				1286A0FD1EBBDD3D00915633 /* Sources */,
				1286A0FE1EBBDD3D00915633 /* Frameworks */,
				1286A0FF1EBBDD3D00915633 /* Resources */,
			);
			buildRules = (
			);
			dependencies = (
				1286A1031EBBDD3D00915633 /* PBXTargetDependency */,
			);
			name = ChatTests;
			productName = ChatTests;
			productReference = 1286A1011EBBDD3D00915633 /* ChatTests.xctest */;
			productType = "com.apple.product-type.bundle.unit-test";
		};
		1286A10B1EBBDD3D00915633 /* ChatUITests */ = {
			isa = PBXNativeTarget;
			buildConfigurationList = 1286A11B1EBBDD3D00915633 /* Build configuration list for PBXNativeTarget "ChatUITests" */;
			buildPhases = (
				1286A1081EBBDD3D00915633 /* Sources */,
				1286A1091EBBDD3D00915633 /* Frameworks */,
				1286A10A1EBBDD3D00915633 /* Resources */,
			);
			buildRules = (
			);
			dependencies = (
				1286A10E1EBBDD3D00915633 /* PBXTargetDependency */,
			);
			name = ChatUITests;
			productName = ChatUITests;
			productReference = 1286A10C1EBBDD3D00915633 /* ChatUITests.xctest */;
			productType = "com.apple.product-type.bundle.ui-testing";
		};
/* End PBXNativeTarget section */

/* Begin PBXProject section */
		1286A0E21EBBDD3D00915633 /* Project object */ = {
			isa = PBXProject;
			attributes = {
				LastSwiftUpdateCheck = 0830;
				LastUpgradeCheck = 0830;
				ORGANIZATIONNAME = "Joshua Finch";
				TargetAttributes = {
					1286A0E91EBBDD3D00915633 = {
						CreatedOnToolsVersion = 8.3.2;
						DevelopmentTeam = MV2JZMSBKV;
						ProvisioningStyle = Automatic;
					};
					1286A1001EBBDD3D00915633 = {
						CreatedOnToolsVersion = 8.3.2;
						DevelopmentTeam = MV2JZMSBKV;
						ProvisioningStyle = Automatic;
						TestTargetID = 1286A0E91EBBDD3D00915633;
					};
					1286A10B1EBBDD3D00915633 = {
						CreatedOnToolsVersion = 8.3.2;
						DevelopmentTeam = MV2JZMSBKV;
						ProvisioningStyle = Automatic;
						TestTargetID = 1286A0E91EBBDD3D00915633;
					};
				};
			};
			buildConfigurationList = 1286A0E51EBBDD3D00915633 /* Build configuration list for PBXProject "Chat" */;
			compatibilityVersion = "Xcode 3.2";
			developmentRegion = English;
			hasScannedForEncodings = 0;
			knownRegions = (
				en,
				Base,
			);
			mainGroup = 1286A0E11EBBDD3D00915633;
			productRefGroup = 1286A0EB1EBBDD3D00915633 /* Products */;
			projectDirPath = "";
			projectRoot = "";
			targets = (
				1286A0E91EBBDD3D00915633 /* Chat */,
				1286A1001EBBDD3D00915633 /* ChatTests */,
				1286A10B1EBBDD3D00915633 /* ChatUITests */,
			);
		};
/* End PBXProject section */

/* Begin PBXResourcesBuildPhase section */
		1286A0E81EBBDD3D00915633 /* Resources */ = {
			isa = PBXResourcesBuildPhase;
			buildActionMask = 2147483647;
			files = (
				1286A0FB1EBBDD3D00915633 /* LaunchScreen.storyboard in Resources */,
				1286A0F81EBBDD3D00915633 /* Assets.xcassets in Resources */,
			);
			runOnlyForDeploymentPostprocessing = 0;
		};
		1286A0FF1EBBDD3D00915633 /* Resources */ = {
			isa = PBXResourcesBuildPhase;
			buildActionMask = 2147483647;
			files = (
			);
			runOnlyForDeploymentPostprocessing = 0;
		};
		1286A10A1EBBDD3D00915633 /* Resources */ = {
			isa = PBXResourcesBuildPhase;
			buildActionMask = 2147483647;
			files = (
			);
			runOnlyForDeploymentPostprocessing = 0;
		};
/* End PBXResourcesBuildPhase section */

/* Begin PBXSourcesBuildPhase section */
		1286A0E61EBBDD3D00915633 /* Sources */ = {
			isa = PBXSourcesBuildPhase;
			buildActionMask = 2147483647;
			files = (
				129761C81EBE2FFF00476402 /* Message+Helpers.swift in Sources */,
				123B4DE61EC4AFB1003BC147 /* MessagePayload.swift in Sources */,
				12D2B9E41EC270870094461C /* ChatViewController+NSFetchedResultsControllerDelegate.swift in Sources */,
				12D2B9DF1EC26FD60094461C /* ChatViewController+UITableViewDelegate.swift in Sources */,
				1286A1201EBBE40A00915633 /* CoreData.swift in Sources */,
				12D2B9D61EC119F40094461C /* main.swift in Sources */,
				12D2B9E21EC26FF80094461C /* ChatService.swift in Sources */,
				12D2B9CC1EBE43850094461C /* Model.xcdatamodeld in Sources */,
				12D2B9CF1EBE43BB0094461C /* Message+CoreDataClass.swift in Sources */,
				12D2B9D01EBE43BB0094461C /* Message+CoreDataProperties.swift in Sources */,
				1286A0EE1EBBDD3D00915633 /* AppDelegate.swift in Sources */,
				123B4DE31EC4AF29003BC147 /* CoreDataMessageManager.swift in Sources */,
				12D2B9D91EC24A020094461C /* ChatViewController.swift in Sources */,
				12D2B9DD1EC26F9B0094461C /* ChatViewController+UITableViewDataSource.swift in Sources */,
				12D2B9D31EC1186F0094461C /* MessageImporter.swift in Sources */,
			);
			runOnlyForDeploymentPostprocessing = 0;
		};
		1286A0FD1EBBDD3D00915633 /* Sources */ = {
			isa = PBXSourcesBuildPhase;
			buildActionMask = 2147483647;
			files = (
				12CE8AD51EBE2463004C515F /* CoreDataTests.swift in Sources */,
				12F73A201EC515B900789FA7 /* AppDelegateTests.swift in Sources */,
				12F73A271EC526DD00789FA7 /* MockCoreData.swift in Sources */,
				129761CA1EBE329B00476402 /* MessageImporterTests.swift in Sources */,
				12F73A1E1EC4D7CB00789FA7 /* ChatViewControllerTests.swift in Sources */,
				123B4DE81EC4D0DA003BC147 /* CoreDataMessageManagerTests.swift in Sources */,
				12F73A251EC526AD00789FA7 /* MockMessageImporting.swift in Sources */,
				12F73A221EC5241100789FA7 /* MockCoreDataMessageManaging.swift in Sources */,
			);
			runOnlyForDeploymentPostprocessing = 0;
		};
		1286A1081EBBDD3D00915633 /* Sources */ = {
			isa = PBXSourcesBuildPhase;
			buildActionMask = 2147483647;
			files = (
				1286A1111EBBDD3D00915633 /* ChatUITests.swift in Sources */,
			);
			runOnlyForDeploymentPostprocessing = 0;
		};
/* End PBXSourcesBuildPhase section */

/* Begin PBXTargetDependency section */
		1286A1031EBBDD3D00915633 /* PBXTargetDependency */ = {
			isa = PBXTargetDependency;
			target = 1286A0E91EBBDD3D00915633 /* Chat */;
			targetProxy = 1286A1021EBBDD3D00915633 /* PBXContainerItemProxy */;
		};
		1286A10E1EBBDD3D00915633 /* PBXTargetDependency */ = {
			isa = PBXTargetDependency;
			target = 1286A0E91EBBDD3D00915633 /* Chat */;
			targetProxy = 1286A10D1EBBDD3D00915633 /* PBXContainerItemProxy */;
		};
/* End PBXTargetDependency section */

/* Begin PBXVariantGroup section */
		1286A0F91EBBDD3D00915633 /* LaunchScreen.storyboard */ = {
			isa = PBXVariantGroup;
			children = (
				1286A0FA1EBBDD3D00915633 /* Base */,
			);
			name = LaunchScreen.storyboard;
			sourceTree = "<group>";
		};
/* End PBXVariantGroup section */

/* Begin XCBuildConfiguration section */
		1286A1131EBBDD3D00915633 /* Debug */ = {
			isa = XCBuildConfiguration;
			buildSettings = {
				ALWAYS_SEARCH_USER_PATHS = NO;
				CLANG_ANALYZER_NONNULL = YES;
				CLANG_ANALYZER_NUMBER_OBJECT_CONVERSION = YES_AGGRESSIVE;
				CLANG_CXX_LANGUAGE_STANDARD = "gnu++0x";
				CLANG_CXX_LIBRARY = "libc++";
				CLANG_ENABLE_MODULES = YES;
				CLANG_ENABLE_OBJC_ARC = YES;
				CLANG_WARN_BOOL_CONVERSION = YES;
				CLANG_WARN_CONSTANT_CONVERSION = YES;
				CLANG_WARN_DIRECT_OBJC_ISA_USAGE = YES_ERROR;
				CLANG_WARN_DOCUMENTATION_COMMENTS = YES;
				CLANG_WARN_EMPTY_BODY = YES;
				CLANG_WARN_ENUM_CONVERSION = YES;
				CLANG_WARN_INFINITE_RECURSION = YES;
				CLANG_WARN_INT_CONVERSION = YES;
				CLANG_WARN_OBJC_ROOT_CLASS = YES_ERROR;
				CLANG_WARN_SUSPICIOUS_MOVE = YES;
				CLANG_WARN_UNREACHABLE_CODE = YES;
				CLANG_WARN__DUPLICATE_METHOD_MATCH = YES;
				"CODE_SIGN_IDENTITY[sdk=iphoneos*]" = "iPhone Developer";
				COPY_PHASE_STRIP = NO;
				DEBUG_INFORMATION_FORMAT = dwarf;
				ENABLE_STRICT_OBJC_MSGSEND = YES;
				ENABLE_TESTABILITY = YES;
				GCC_C_LANGUAGE_STANDARD = gnu99;
				GCC_DYNAMIC_NO_PIC = NO;
				GCC_NO_COMMON_BLOCKS = YES;
				GCC_OPTIMIZATION_LEVEL = 0;
				GCC_PREPROCESSOR_DEFINITIONS = (
					"DEBUG=1",
					"$(inherited)",
				);
				GCC_WARN_64_TO_32_BIT_CONVERSION = YES;
				GCC_WARN_ABOUT_RETURN_TYPE = YES_ERROR;
				GCC_WARN_UNDECLARED_SELECTOR = YES;
				GCC_WARN_UNINITIALIZED_AUTOS = YES_AGGRESSIVE;
				GCC_WARN_UNUSED_FUNCTION = YES;
				GCC_WARN_UNUSED_VARIABLE = YES;
				IPHONEOS_DEPLOYMENT_TARGET = 10.3;
				MTL_ENABLE_DEBUG_INFO = YES;
				ONLY_ACTIVE_ARCH = YES;
				SDKROOT = iphoneos;
				SWIFT_ACTIVE_COMPILATION_CONDITIONS = DEBUG;
				SWIFT_OPTIMIZATION_LEVEL = "-Onone";
				TARGETED_DEVICE_FAMILY = "1,2";
			};
			name = Debug;
		};
		1286A1141EBBDD3D00915633 /* Release */ = {
			isa = XCBuildConfiguration;
			buildSettings = {
				ALWAYS_SEARCH_USER_PATHS = NO;
				CLANG_ANALYZER_NONNULL = YES;
				CLANG_ANALYZER_NUMBER_OBJECT_CONVERSION = YES_AGGRESSIVE;
				CLANG_CXX_LANGUAGE_STANDARD = "gnu++0x";
				CLANG_CXX_LIBRARY = "libc++";
				CLANG_ENABLE_MODULES = YES;
				CLANG_ENABLE_OBJC_ARC = YES;
				CLANG_WARN_BOOL_CONVERSION = YES;
				CLANG_WARN_CONSTANT_CONVERSION = YES;
				CLANG_WARN_DIRECT_OBJC_ISA_USAGE = YES_ERROR;
				CLANG_WARN_DOCUMENTATION_COMMENTS = YES;
				CLANG_WARN_EMPTY_BODY = YES;
				CLANG_WARN_ENUM_CONVERSION = YES;
				CLANG_WARN_INFINITE_RECURSION = YES;
				CLANG_WARN_INT_CONVERSION = YES;
				CLANG_WARN_OBJC_ROOT_CLASS = YES_ERROR;
				CLANG_WARN_SUSPICIOUS_MOVE = YES;
				CLANG_WARN_UNREACHABLE_CODE = YES;
				CLANG_WARN__DUPLICATE_METHOD_MATCH = YES;
				"CODE_SIGN_IDENTITY[sdk=iphoneos*]" = "iPhone Developer";
				COPY_PHASE_STRIP = NO;
				DEBUG_INFORMATION_FORMAT = "dwarf-with-dsym";
				ENABLE_NS_ASSERTIONS = NO;
				ENABLE_STRICT_OBJC_MSGSEND = YES;
				GCC_C_LANGUAGE_STANDARD = gnu99;
				GCC_NO_COMMON_BLOCKS = YES;
				GCC_WARN_64_TO_32_BIT_CONVERSION = YES;
				GCC_WARN_ABOUT_RETURN_TYPE = YES_ERROR;
				GCC_WARN_UNDECLARED_SELECTOR = YES;
				GCC_WARN_UNINITIALIZED_AUTOS = YES_AGGRESSIVE;
				GCC_WARN_UNUSED_FUNCTION = YES;
				GCC_WARN_UNUSED_VARIABLE = YES;
				IPHONEOS_DEPLOYMENT_TARGET = 10.3;
				MTL_ENABLE_DEBUG_INFO = NO;
				SDKROOT = iphoneos;
				SWIFT_OPTIMIZATION_LEVEL = "-Owholemodule";
				TARGETED_DEVICE_FAMILY = "1,2";
				VALIDATE_PRODUCT = YES;
			};
			name = Release;
		};
		1286A1161EBBDD3D00915633 /* Debug */ = {
			isa = XCBuildConfiguration;
			buildSettings = {
				ASSETCATALOG_COMPILER_APPICON_NAME = AppIcon;
				DEVELOPMENT_TEAM = MV2JZMSBKV;
				INFOPLIST_FILE = Chat/Info.plist;
				LD_RUNPATH_SEARCH_PATHS = "$(inherited) @executable_path/Frameworks";
				PRODUCT_BUNDLE_IDENTIFIER = codes.joshua.Chat;
				PRODUCT_NAME = "$(TARGET_NAME)";
				SWIFT_VERSION = 3.0;
			};
			name = Debug;
		};
		1286A1171EBBDD3D00915633 /* Release */ = {
			isa = XCBuildConfiguration;
			buildSettings = {
				ASSETCATALOG_COMPILER_APPICON_NAME = AppIcon;
				DEVELOPMENT_TEAM = MV2JZMSBKV;
				INFOPLIST_FILE = Chat/Info.plist;
				LD_RUNPATH_SEARCH_PATHS = "$(inherited) @executable_path/Frameworks";
				PRODUCT_BUNDLE_IDENTIFIER = codes.joshua.Chat;
				PRODUCT_NAME = "$(TARGET_NAME)";
				SWIFT_VERSION = 3.0;
			};
			name = Release;
		};
		1286A1191EBBDD3D00915633 /* Debug */ = {
			isa = XCBuildConfiguration;
			buildSettings = {
				ALWAYS_EMBED_SWIFT_STANDARD_LIBRARIES = YES;
				BUNDLE_LOADER = "$(TEST_HOST)";
				DEVELOPMENT_TEAM = MV2JZMSBKV;
				INFOPLIST_FILE = ChatTests/Info.plist;
				LD_RUNPATH_SEARCH_PATHS = "$(inherited) @executable_path/Frameworks @loader_path/Frameworks";
				PRODUCT_BUNDLE_IDENTIFIER = codes.joshua.ChatTests;
				PRODUCT_NAME = "$(TARGET_NAME)";
				SWIFT_VERSION = 3.0;
				TEST_HOST = "$(BUILT_PRODUCTS_DIR)/Chat.app/Chat";
			};
			name = Debug;
		};
		1286A11A1EBBDD3D00915633 /* Release */ = {
			isa = XCBuildConfiguration;
			buildSettings = {
				ALWAYS_EMBED_SWIFT_STANDARD_LIBRARIES = YES;
				BUNDLE_LOADER = "$(TEST_HOST)";
				DEVELOPMENT_TEAM = MV2JZMSBKV;
				INFOPLIST_FILE = ChatTests/Info.plist;
				LD_RUNPATH_SEARCH_PATHS = "$(inherited) @executable_path/Frameworks @loader_path/Frameworks";
				PRODUCT_BUNDLE_IDENTIFIER = codes.joshua.ChatTests;
				PRODUCT_NAME = "$(TARGET_NAME)";
				SWIFT_VERSION = 3.0;
				TEST_HOST = "$(BUILT_PRODUCTS_DIR)/Chat.app/Chat";
			};
			name = Release;
		};
		1286A11C1EBBDD3D00915633 /* Debug */ = {
			isa = XCBuildConfiguration;
			buildSettings = {
				ALWAYS_EMBED_SWIFT_STANDARD_LIBRARIES = YES;
				DEVELOPMENT_TEAM = MV2JZMSBKV;
				INFOPLIST_FILE = ChatUITests/Info.plist;
				LD_RUNPATH_SEARCH_PATHS = "$(inherited) @executable_path/Frameworks @loader_path/Frameworks";
				PRODUCT_BUNDLE_IDENTIFIER = codes.joshua.ChatUITests;
				PRODUCT_NAME = "$(TARGET_NAME)";
				SWIFT_VERSION = 3.0;
				TEST_TARGET_NAME = Chat;
			};
			name = Debug;
		};
		1286A11D1EBBDD3D00915633 /* Release */ = {
			isa = XCBuildConfiguration;
			buildSettings = {
				ALWAYS_EMBED_SWIFT_STANDARD_LIBRARIES = YES;
				DEVELOPMENT_TEAM = MV2JZMSBKV;
				INFOPLIST_FILE = ChatUITests/Info.plist;
				LD_RUNPATH_SEARCH_PATHS = "$(inherited) @executable_path/Frameworks @loader_path/Frameworks";
				PRODUCT_BUNDLE_IDENTIFIER = codes.joshua.ChatUITests;
				PRODUCT_NAME = "$(TARGET_NAME)";
				SWIFT_VERSION = 3.0;
				TEST_TARGET_NAME = Chat;
			};
			name = Release;
		};
/* End XCBuildConfiguration section */

/* Begin XCConfigurationList section */
		1286A0E51EBBDD3D00915633 /* Build configuration list for PBXProject "Chat" */ = {
			isa = XCConfigurationList;
			buildConfigurations = (
				1286A1131EBBDD3D00915633 /* Debug */,
				1286A1141EBBDD3D00915633 /* Release */,
			);
			defaultConfigurationIsVisible = 0;
			defaultConfigurationName = Release;
		};
		1286A1151EBBDD3D00915633 /* Build configuration list for PBXNativeTarget "Chat" */ = {
			isa = XCConfigurationList;
			buildConfigurations = (
				1286A1161EBBDD3D00915633 /* Debug */,
				1286A1171EBBDD3D00915633 /* Release */,
			);
			defaultConfigurationIsVisible = 0;
			defaultConfigurationName = Release;
		};
		1286A1181EBBDD3D00915633 /* Build configuration list for PBXNativeTarget "ChatTests" */ = {
			isa = XCConfigurationList;
			buildConfigurations = (
				1286A1191EBBDD3D00915633 /* Debug */,
				1286A11A1EBBDD3D00915633 /* Release */,
			);
			defaultConfigurationIsVisible = 0;
			defaultConfigurationName = Release;
		};
		1286A11B1EBBDD3D00915633 /* Build configuration list for PBXNativeTarget "ChatUITests" */ = {
			isa = XCConfigurationList;
			buildConfigurations = (
				1286A11C1EBBDD3D00915633 /* Debug */,
				1286A11D1EBBDD3D00915633 /* Release */,
			);
			defaultConfigurationIsVisible = 0;
			defaultConfigurationName = Release;
		};
/* End XCConfigurationList section */

/* Begin XCVersionGroup section */
		12D2B9CA1EBE43850094461C /* Model.xcdatamodeld */ = {
			isa = XCVersionGroup;
			children = (
				12D2B9CB1EBE43850094461C /* Model.xcdatamodel */,
			);
			currentVersion = 12D2B9CB1EBE43850094461C /* Model.xcdatamodel */;
			path = Model.xcdatamodeld;
			sourceTree = "<group>";
			versionGroupType = wrapper.xcdatamodel;
		};
/* End XCVersionGroup section */
	};
	rootObject = 1286A0E21EBBDD3D00915633 /* Project object */;
}
